{
  "originHash" : "701508ffcb3f7857d75806993fd1b6f47576cd5a40ab62bad795775510ec5573",
  "pins" : [
    {
      "identity" : "openswiftui-spm",
      "kind" : "remoteSourceControl",
      "location" : "https://github.com/OpenSwiftUIProject/OpenSwiftUI-spm.git",
      "state" : {
        "revision" : "b682ea9224081f2b4f92e12371741a57475e0cc0",
        "version" : "0.18.1"
      }
    }
  ],
  "version" : 3
}
